
Microsoft Visual Studio Solution File, Format Version 12.00
# Visual Studio Version 17
VisualStudioVersion = 17.13.35828.75
MinimumVisualStudioVersion = 10.0.40219.1
Project("{FAE04EC0-301F-11D3-BF4B-00C04F79EFBC}") = "InventurProgramm", "InventurProgramm\InventurProgramm.csproj", "{15EE6DD5-826B-491C-9579-6E0BEBF82AFE}"
EndProject
Global
	GlobalSection(SolutionConfigurationPlatforms) = preSolution
		Debug|Any CPU = Debug|Any CPU
		Release|Any CPU = Release|Any CPU
	EndGlobalSection
	GlobalSection(ProjectConfigurationPlatforms) = postSolution
		{15EE6DD5-826B-491C-9579-6E0BEBF82AFE}.Debug|Any CPU.ActiveCfg = Release|Any CPU
		{15EE6DD5-826B-491C-9579-6E0BEBF82AFE}.Debug|Any CPU.Build.0 = Release|Any CPU
		{15EE6DD5-826B-491C-9579-6E0BEBF82AFE}.Release|Any CPU.ActiveCfg = Release|Any CPU
		{15EE6DD5-826B-491C-9579-6E0BEBF82AFE}.Release|Any CPU.Build.0 = Release|Any CPU
	EndGlobalSection
	GlobalSection(SolutionProperties) = preSolution
		HideSolutionNode = FALSE
	EndGlobalSection
	GlobalSection(ExtensibilityGlobals) = postSolution
		SolutionGuid = {0235AEA6-F2A2-4D52-81C6-DAA7F6A6A24E}
	EndGlobalSection
EndGlobal
